
Microsoft Visual Studio Solution File, Format Version 12.00
# Visual Studio Version 16
VisualStudioVersion = 16.0.30204.135
MinimumVisualStudioVersion = 10.0.40219.1
Project("{9A19103F-16F7-4668-BE54-9A1E7A4F7556}") = "TokenGen.Generator", "TokenGen.Generator\TokenGen.Generator.csproj", "{289C9FDB-4EA7-4A83-A6B2-167D2B557F45}"
EndProject
Project("{9A19103F-16F7-4668-BE54-9A1E7A4F7556}") = "TokenGen.Tests", "TokenGen.Tests\TokenGen.Tests.csproj", "{EAF52226-77AD-458F-AB0D-1B9EAECE3E2E}"
EndProject
Global
	GlobalSection(SolutionConfigurationPlatforms) = preSolution
		Debug|Any CPU = Debug|Any CPU
		Release|Any CPU = Release|Any CPU
	EndGlobalSection
	GlobalSection(ProjectConfigurationPlatforms) = postSolution
		{289C9FDB-4EA7-4A83-A6B2-167D2B557F45}.Debug|Any CPU.ActiveCfg = Debug|Any CPU
		{289C9FDB-4EA7-4A83-A6B2-167D2B557F45}.Debug|Any CPU.Build.0 = Debug|Any CPU
		{289C9FDB-4EA7-4A83-A6B2-167D2B557F45}.Release|Any CPU.ActiveCfg = Release|Any CPU
		{289C9FDB-4EA7-4A83-A6B2-167D2B557F45}.Release|Any CPU.Build.0 = Release|Any CPU
		{EAF52226-77AD-458F-AB0D-1B9EAECE3E2E}.Debug|Any CPU.ActiveCfg = Debug|Any CPU
		{EAF52226-77AD-458F-AB0D-1B9EAECE3E2E}.Debug|Any CPU.Build.0 = Debug|Any CPU
		{EAF52226-77AD-458F-AB0D-1B9EAECE3E2E}.Release|Any CPU.ActiveCfg = Release|Any CPU
		{EAF52226-77AD-458F-AB0D-1B9EAECE3E2E}.Release|Any CPU.Build.0 = Release|Any CPU
	EndGlobalSection
	GlobalSection(SolutionProperties) = preSolution
		HideSolutionNode = FALSE
	EndGlobalSection
	GlobalSection(ExtensibilityGlobals) = postSolution
		SolutionGuid = {F06B9233-A8B8-4EAF-B930-0E1EB5B293C1}
	EndGlobalSection
EndGlobal
